// !$*UTF8*$!
{
	archiveVersion = 1;
	classes = {
	};
	objectVersion = 77;
	objects = {

/* Begin PBXBuildFile section */
		EB5AE92B2E4A472700912E98 /* AppMain in Frameworks */ = {isa = PBXBuildFile; productRef = EB5AE92A2E4A472700912E98 /* AppMain */; };
		EBC63F252E50E0FA000F500F /* AppImagesList in Frameworks */ = {isa = PBXBuildFile; productRef = EBC63F242E50E0FA000F500F /* AppImagesList */; };
		EBD48F872E3437E1001FC90A /* AppCore in Frameworks */ = {isa = PBXBuildFile; productRef = EBD48F862E3437E1001FC90A /* AppCore */; };
		EBD48F8A2E34380E001FC90A /* DesignSystem in Frameworks */ = {isa = PBXBuildFile; productRef = EBD48F892E34380E001FC90A /* DesignSystem */; };
		EBD48F8D2E343823001FC90A /* PixbayNetwork in Frameworks */ = {isa = PBXBuildFile; productRef = EBD48F8C2E343823001FC90A /* PixbayNetwork */; };
/* End PBXBuildFile section */

/* Begin PBXContainerItemProxy section */
		EB1B424F2CE2666200AD94B9 /* PBXContainerItemProxy */ = {
			isa = PBXContainerItemProxy;
			containerPortal = EB1B42352CE2666100AD94B9 /* Project object */;
			proxyType = 1;
			remoteGlobalIDString = EB1B423C2CE2666100AD94B9;
			remoteInfo = ImageBrowser;
		};
		EB1B42592CE2666200AD94B9 /* PBXContainerItemProxy */ = {
			isa = PBXContainerItemProxy;
			containerPortal = EB1B42352CE2666100AD94B9 /* Project object */;
			proxyType = 1;
			remoteGlobalIDString = EB1B423C2CE2666100AD94B9;
			remoteInfo = ImageBrowser;
		};
/* End PBXContainerItemProxy section */

/* Begin PBXFileReference section */
		EB1B423D2CE2666100AD94B9 /* ImageBrowser.app */ = {isa = PBXFileReference; explicitFileType = wrapper.application; includeInIndex = 0; path = ImageBrowser.app; sourceTree = BUILT_PRODUCTS_DIR; };
		EB1B424E2CE2666200AD94B9 /* ImageBrowserTests.xctest */ = {isa = PBXFileReference; explicitFileType = wrapper.cfbundle; includeInIndex = 0; path = ImageBrowserTests.xctest; sourceTree = BUILT_PRODUCTS_DIR; };
		EB1B42582CE2666200AD94B9 /* ImageBrowserUITests.xctest */ = {isa = PBXFileReference; explicitFileType = wrapper.cfbundle; includeInIndex = 0; path = ImageBrowserUITests.xctest; sourceTree = BUILT_PRODUCTS_DIR; };
		EB6C85382E3599EC0095298F /* ImageBrowserTestPlan.xctestplan */ = {isa = PBXFileReference; lastKnownFileType = text; path = ImageBrowserTestPlan.xctestplan; sourceTree = "<group>"; };
/* End PBXFileReference section */

/* Begin PBXFileSystemSynchronizedBuildFileExceptionSet section */
		EBAFB21E2CE53C5B000F7041 /* Exceptions for "ImageBrowser" folder in "ImageBrowser" target */ = {
			isa = PBXFileSystemSynchronizedBuildFileExceptionSet;
			membershipExceptions = (
				Info.plist,
			);
			target = EB1B423C2CE2666100AD94B9 /* ImageBrowser */;
		};
/* End PBXFileSystemSynchronizedBuildFileExceptionSet section */

/* Begin PBXFileSystemSynchronizedRootGroup section */
		EB1B423F2CE2666100AD94B9 /* ImageBrowser */ = {
			isa = PBXFileSystemSynchronizedRootGroup;
			exceptions = (
				EBAFB21E2CE53C5B000F7041 /* Exceptions for "ImageBrowser" folder in "ImageBrowser" target */,
			);
			path = ImageBrowser;
			sourceTree = "<group>";
		};
		EB1B42512CE2666200AD94B9 /* ImageBrowserTests */ = {
			isa = PBXFileSystemSynchronizedRootGroup;
			path = ImageBrowserTests;
			sourceTree = "<group>";
		};
		EB1B425B2CE2666200AD94B9 /* ImageBrowserUITests */ = {
			isa = PBXFileSystemSynchronizedRootGroup;
			path = ImageBrowserUITests;
			sourceTree = "<group>";
		};
/* End PBXFileSystemSynchronizedRootGroup section */

/* Begin PBXFrameworksBuildPhase section */
		EB1B423A2CE2666100AD94B9 /* Frameworks */ = {
			isa = PBXFrameworksBuildPhase;
			buildActionMask = 2147483647;
			files = (
				EBC63F252E50E0FA000F500F /* AppImagesList in Frameworks */,
				EB5AE92B2E4A472700912E98 /* AppMain in Frameworks */,
				EBD48F8D2E343823001FC90A /* PixbayNetwork in Frameworks */,
				EBD48F8A2E34380E001FC90A /* DesignSystem in Frameworks */,
				EBD48F872E3437E1001FC90A /* AppCore in Frameworks */,
			);
			runOnlyForDeploymentPostprocessing = 0;
		};
		EB1B424B2CE2666200AD94B9 /* Frameworks */ = {
			isa = PBXFrameworksBuildPhase;
			buildActionMask = 2147483647;
			files = (
			);
			runOnlyForDeploymentPostprocessing = 0;
		};
		EB1B42552CE2666200AD94B9 /* Frameworks */ = {
			isa = PBXFrameworksBuildPhase;
			buildActionMask = 2147483647;
			files = (
			);
			runOnlyForDeploymentPostprocessing = 0;
		};
/* End PBXFrameworksBuildPhase section */

/* Begin PBXGroup section */
		EB1774EA2CEC9CAD00A05352 /* Frameworks */ = {
			isa = PBXGroup;
			children = (
			);
			name = Frameworks;
			sourceTree = "<group>";
		};
		EB1B42342CE2666100AD94B9 = {
			isa = PBXGroup;
			children = (
				EB1B423F2CE2666100AD94B9 /* ImageBrowser */,
				EB1B42512CE2666200AD94B9 /* ImageBrowserTests */,
				EB1B425B2CE2666200AD94B9 /* ImageBrowserUITests */,
				EB1774EA2CEC9CAD00A05352 /* Frameworks */,
				EB1B423E2CE2666100AD94B9 /* Products */,
				EB6C85382E3599EC0095298F /* ImageBrowserTestPlan.xctestplan */,
			);
			sourceTree = "<group>";
		};
		EB1B423E2CE2666100AD94B9 /* Products */ = {
			isa = PBXGroup;
			children = (
				EB1B423D2CE2666100AD94B9 /* ImageBrowser.app */,
				EB1B424E2CE2666200AD94B9 /* ImageBrowserTests.xctest */,
				EB1B42582CE2666200AD94B9 /* ImageBrowserUITests.xctest */,
			);
			name = Products;
			sourceTree = "<group>";
		};
/* End PBXGroup section */

/* Begin PBXNativeTarget section */
		EB1B423C2CE2666100AD94B9 /* ImageBrowser */ = {
			isa = PBXNativeTarget;
			buildConfigurationList = EB1B42622CE2666200AD94B9 /* Build configuration list for PBXNativeTarget "ImageBrowser" */;
			buildPhases = (
				EB1B42392CE2666100AD94B9 /* Sources */,
				EB1B423A2CE2666100AD94B9 /* Frameworks */,
				EB1B423B2CE2666100AD94B9 /* Resources */,
			);
			buildRules = (
			);
			dependencies = (
			);
			fileSystemSynchronizedGroups = (
				EB1B423F2CE2666100AD94B9 /* ImageBrowser */,
			);
			name = ImageBrowser;
			packageProductDependencies = (
				EBD48F862E3437E1001FC90A /* AppCore */,
				EBD48F892E34380E001FC90A /* DesignSystem */,
				EBD48F8C2E343823001FC90A /* PixbayNetwork */,
				EB5AE92A2E4A472700912E98 /* AppMain */,
				EBC63F242E50E0FA000F500F /* AppImagesList */,
			);
			productName = ImageBrowser;
			productReference = EB1B423D2CE2666100AD94B9 /* ImageBrowser.app */;
			productType = "com.apple.product-type.application";
		};
		EB1B424D2CE2666200AD94B9 /* ImageBrowserTests */ = {
			isa = PBXNativeTarget;
			buildConfigurationList = EB1B42652CE2666200AD94B9 /* Build configuration list for PBXNativeTarget "ImageBrowserTests" */;
			buildPhases = (
				EB1B424A2CE2666200AD94B9 /* Sources */,
				EB1B424B2CE2666200AD94B9 /* Frameworks */,
				EB1B424C2CE2666200AD94B9 /* Resources */,
			);
			buildRules = (
			);
			dependencies = (
				EB1B42502CE2666200AD94B9 /* PBXTargetDependency */,
			);
			fileSystemSynchronizedGroups = (
				EB1B42512CE2666200AD94B9 /* ImageBrowserTests */,
			);
			name = ImageBrowserTests;
			packageProductDependencies = (
			);
			productName = ImageBrowserTests;
			productReference = EB1B424E2CE2666200AD94B9 /* ImageBrowserTests.xctest */;
			productType = "com.apple.product-type.bundle.unit-test";
		};
		EB1B42572CE2666200AD94B9 /* ImageBrowserUITests */ = {
			isa = PBXNativeTarget;
			buildConfigurationList = EB1B42682CE2666200AD94B9 /* Build configuration list for PBXNativeTarget "ImageBrowserUITests" */;
			buildPhases = (
				EB1B42542CE2666200AD94B9 /* Sources */,
				EB1B42552CE2666200AD94B9 /* Frameworks */,
				EB1B42562CE2666200AD94B9 /* Resources */,
			);
			buildRules = (
			);
			dependencies = (
				EB1B425A2CE2666200AD94B9 /* PBXTargetDependency */,
			);
			fileSystemSynchronizedGroups = (
				EB1B425B2CE2666200AD94B9 /* ImageBrowserUITests */,
			);
			name = ImageBrowserUITests;
			packageProductDependencies = (
			);
			productName = ImageBrowserUITests;
			productReference = EB1B42582CE2666200AD94B9 /* ImageBrowserUITests.xctest */;
			productType = "com.apple.product-type.bundle.ui-testing";
		};
/* End PBXNativeTarget section */

/* Begin PBXProject section */
		EB1B42352CE2666100AD94B9 /* Project object */ = {
			isa = PBXProject;
			attributes = {
				BuildIndependentTargetsInParallel = 1;
				LastSwiftUpdateCheck = 1600;
				LastUpgradeCheck = 1600;
				TargetAttributes = {
					EB1B423C2CE2666100AD94B9 = {
						CreatedOnToolsVersion = 16.0;
					};
					EB1B424D2CE2666200AD94B9 = {
						CreatedOnToolsVersion = 16.0;
						TestTargetID = EB1B423C2CE2666100AD94B9;
					};
					EB1B42572CE2666200AD94B9 = {
						CreatedOnToolsVersion = 16.0;
						TestTargetID = EB1B423C2CE2666100AD94B9;
					};
				};
			};
			buildConfigurationList = EB1B42382CE2666100AD94B9 /* Build configuration list for PBXProject "ImageBrowser" */;
			developmentRegion = en;
			hasScannedForEncodings = 0;
			knownRegions = (
				en,
				Base,
			);
			mainGroup = EB1B42342CE2666100AD94B9;
			minimizedProjectReferenceProxies = 1;
			packageReferences = (
				EBD48F822E3437CA001FC90A /* XCLocalSwiftPackageReference "AppDomains" */,
				EBD48F852E3437E1001FC90A /* XCLocalSwiftPackageReference "AppSDK/AppCore" */,
				EBD48F882E34380E001FC90A /* XCLocalSwiftPackageReference "AppSDK/DesignSystem" */,
				EBD48F8B2E343823001FC90A /* XCLocalSwiftPackageReference "AppSDK/PixbayNetwork" */,
			);
			preferredProjectObjectVersion = 77;
			productRefGroup = EB1B423E2CE2666100AD94B9 /* Products */;
			projectDirPath = "";
			projectRoot = "";
			targets = (
				EB1B423C2CE2666100AD94B9 /* ImageBrowser */,
				EB1B424D2CE2666200AD94B9 /* ImageBrowserTests */,
				EB1B42572CE2666200AD94B9 /* ImageBrowserUITests */,
			);
		};
/* End PBXProject section */

/* Begin PBXResourcesBuildPhase section */
		EB1B423B2CE2666100AD94B9 /* Resources */ = {
			isa = PBXResourcesBuildPhase;
			buildActionMask = 2147483647;
			files = (
			);
			runOnlyForDeploymentPostprocessing = 0;
		};
		EB1B424C2CE2666200AD94B9 /* Resources */ = {
			isa = PBXResourcesBuildPhase;
			buildActionMask = 2147483647;
			files = (
			);
			runOnlyForDeploymentPostprocessing = 0;
		};
		EB1B42562CE2666200AD94B9 /* Resources */ = {
			isa = PBXResourcesBuildPhase;
			buildActionMask = 2147483647;
			files = (
			);
			runOnlyForDeploymentPostprocessing = 0;
		};
/* End PBXResourcesBuildPhase section */

/* Begin PBXSourcesBuildPhase section */
		EB1B42392CE2666100AD94B9 /* Sources */ = {
			isa = PBXSourcesBuildPhase;
			buildActionMask = 2147483647;
			files = (
			);
			runOnlyForDeploymentPostprocessing = 0;
		};
		EB1B424A2CE2666200AD94B9 /* Sources */ = {
			isa = PBXSourcesBuildPhase;
			buildActionMask = 2147483647;
			files = (
			);
			runOnlyForDeploymentPostprocessing = 0;
		};
		EB1B42542CE2666200AD94B9 /* Sources */ = {
			isa = PBXSourcesBuildPhase;
			buildActionMask = 2147483647;
			files = (
			);
			runOnlyForDeploymentPostprocessing = 0;
		};
/* End PBXSourcesBuildPhase section */

/* Begin PBXTargetDependency section */
		EB1B42502CE2666200AD94B9 /* PBXTargetDependency */ = {
			isa = PBXTargetDependency;
			target = EB1B423C2CE2666100AD94B9 /* ImageBrowser */;
			targetProxy = EB1B424F2CE2666200AD94B9 /* PBXContainerItemProxy */;
		};
		EB1B425A2CE2666200AD94B9 /* PBXTargetDependency */ = {
			isa = PBXTargetDependency;
			target = EB1B423C2CE2666100AD94B9 /* ImageBrowser */;
			targetProxy = EB1B42592CE2666200AD94B9 /* PBXContainerItemProxy */;
		};
/* End PBXTargetDependency section */

/* Begin XCBuildConfiguration section */
		EB1B42602CE2666200AD94B9 /* Debug */ = {
			isa = XCBuildConfiguration;
			buildSettings = {
				ALWAYS_SEARCH_USER_PATHS = NO;
				ASSETCATALOG_COMPILER_GENERATE_SWIFT_ASSET_SYMBOL_EXTENSIONS = YES;
				CLANG_ANALYZER_NONNULL = YES;
				CLANG_ANALYZER_NUMBER_OBJECT_CONVERSION = YES_AGGRESSIVE;
				CLANG_CXX_LANGUAGE_STANDARD = "gnu++20";
				CLANG_ENABLE_MODULES = YES;
				CLANG_ENABLE_OBJC_ARC = YES;
				CLANG_ENABLE_OBJC_WEAK = YES;
				CLANG_WARN_BLOCK_CAPTURE_AUTORELEASING = YES;
				CLANG_WARN_BOOL_CONVERSION = YES;
				CLANG_WARN_COMMA = YES;
				CLANG_WARN_CONSTANT_CONVERSION = YES;
				CLANG_WARN_DEPRECATED_OBJC_IMPLEMENTATIONS = YES;
				CLANG_WARN_DIRECT_OBJC_ISA_USAGE = YES_ERROR;
				CLANG_WARN_DOCUMENTATION_COMMENTS = YES;
				CLANG_WARN_EMPTY_BODY = YES;
				CLANG_WARN_ENUM_CONVERSION = YES;
				CLANG_WARN_INFINITE_RECURSION = YES;
				CLANG_WARN_INT_CONVERSION = YES;
				CLANG_WARN_NON_LITERAL_NULL_CONVERSION = YES;
				CLANG_WARN_OBJC_IMPLICIT_RETAIN_SELF = YES;
				CLANG_WARN_OBJC_LITERAL_CONVERSION = YES;
				CLANG_WARN_OBJC_ROOT_CLASS = YES_ERROR;
				CLANG_WARN_QUOTED_INCLUDE_IN_FRAMEWORK_HEADER = YES;
				CLANG_WARN_RANGE_LOOP_ANALYSIS = YES;
				CLANG_WARN_STRICT_PROTOTYPES = YES;
				CLANG_WARN_SUSPICIOUS_MOVE = YES;
				CLANG_WARN_UNGUARDED_AVAILABILITY = YES_AGGRESSIVE;
				CLANG_WARN_UNREACHABLE_CODE = YES;
				CLANG_WARN__DUPLICATE_METHOD_MATCH = YES;
				COPY_PHASE_STRIP = NO;
				DEBUG_INFORMATION_FORMAT = dwarf;
				ENABLE_STRICT_OBJC_MSGSEND = YES;
				ENABLE_TESTABILITY = YES;
				ENABLE_USER_SCRIPT_SANDBOXING = YES;
				GCC_C_LANGUAGE_STANDARD = gnu17;
				GCC_DYNAMIC_NO_PIC = NO;
				GCC_NO_COMMON_BLOCKS = YES;
				GCC_OPTIMIZATION_LEVEL = 0;
				GCC_PREPROCESSOR_DEFINITIONS = (
					"DEBUG=1",
					"$(inherited)",
				);
				GCC_WARN_64_TO_32_BIT_CONVERSION = YES;
				GCC_WARN_ABOUT_RETURN_TYPE = YES_ERROR;
				GCC_WARN_UNDECLARED_SELECTOR = YES;
				GCC_WARN_UNINITIALIZED_AUTOS = YES_AGGRESSIVE;
				GCC_WARN_UNUSED_FUNCTION = YES;
				GCC_WARN_UNUSED_VARIABLE = YES;
				LOCALIZATION_PREFERS_STRING_CATALOGS = YES;
				MTL_ENABLE_DEBUG_INFO = INCLUDE_SOURCE;
				MTL_FAST_MATH = YES;
				ONLY_ACTIVE_ARCH = YES;
				SWIFT_ACTIVE_COMPILATION_CONDITIONS = "DEBUG $(inherited)";
				SWIFT_OPTIMIZATION_LEVEL = "-Onone";
			};
			name = Debug;
		};
		EB1B42612CE2666200AD94B9 /* Release */ = {
			isa = XCBuildConfiguration;
			buildSettings = {
				ALWAYS_SEARCH_USER_PATHS = NO;
				ASSETCATALOG_COMPILER_GENERATE_SWIFT_ASSET_SYMBOL_EXTENSIONS = YES;
				CLANG_ANALYZER_NONNULL = YES;
				CLANG_ANALYZER_NUMBER_OBJECT_CONVERSION = YES_AGGRESSIVE;
				CLANG_CXX_LANGUAGE_STANDARD = "gnu++20";
				CLANG_ENABLE_MODULES = YES;
				CLANG_ENABLE_OBJC_ARC = YES;
				CLANG_ENABLE_OBJC_WEAK = YES;
				CLANG_WARN_BLOCK_CAPTURE_AUTORELEASING = YES;
				CLANG_WARN_BOOL_CONVERSION = YES;
				CLANG_WARN_COMMA = YES;
				CLANG_WARN_CONSTANT_CONVERSION = YES;
				CLANG_WARN_DEPRECATED_OBJC_IMPLEMENTATIONS = YES;
				CLANG_WARN_DIRECT_OBJC_ISA_USAGE = YES_ERROR;
				CLANG_WARN_DOCUMENTATION_COMMENTS = YES;
				CLANG_WARN_EMPTY_BODY = YES;
				CLANG_WARN_ENUM_CONVERSION = YES;
				CLANG_WARN_INFINITE_RECURSION = YES;
				CLANG_WARN_INT_CONVERSION = YES;
				CLANG_WARN_NON_LITERAL_NULL_CONVERSION = YES;
				CLANG_WARN_OBJC_IMPLICIT_RETAIN_SELF = YES;
				CLANG_WARN_OBJC_LITERAL_CONVERSION = YES;
				CLANG_WARN_OBJC_ROOT_CLASS = YES_ERROR;
				CLANG_WARN_QUOTED_INCLUDE_IN_FRAMEWORK_HEADER = YES;
				CLANG_WARN_RANGE_LOOP_ANALYSIS = YES;
				CLANG_WARN_STRICT_PROTOTYPES = YES;
				CLANG_WARN_SUSPICIOUS_MOVE = YES;
				CLANG_WARN_UNGUARDED_AVAILABILITY = YES_AGGRESSIVE;
				CLANG_WARN_UNREACHABLE_CODE = YES;
				CLANG_WARN__DUPLICATE_METHOD_MATCH = YES;
				COPY_PHASE_STRIP = NO;
				DEBUG_INFORMATION_FORMAT = "dwarf-with-dsym";
				ENABLE_NS_ASSERTIONS = NO;
				ENABLE_STRICT_OBJC_MSGSEND = YES;
				ENABLE_USER_SCRIPT_SANDBOXING = YES;
				GCC_C_LANGUAGE_STANDARD = gnu17;
				GCC_NO_COMMON_BLOCKS = YES;
				GCC_WARN_64_TO_32_BIT_CONVERSION = YES;
				GCC_WARN_ABOUT_RETURN_TYPE = YES_ERROR;
				GCC_WARN_UNDECLARED_SELECTOR = YES;
				GCC_WARN_UNINITIALIZED_AUTOS = YES_AGGRESSIVE;
				GCC_WARN_UNUSED_FUNCTION = YES;
				GCC_WARN_UNUSED_VARIABLE = YES;
				LOCALIZATION_PREFERS_STRING_CATALOGS = YES;
				MTL_ENABLE_DEBUG_INFO = NO;
				MTL_FAST_MATH = YES;
				SWIFT_COMPILATION_MODE = wholemodule;
			};
			name = Release;
		};
		EB1B42632CE2666200AD94B9 /* Debug */ = {
			isa = XCBuildConfiguration;
			buildSettings = {
				ASSETCATALOG_COMPILER_APPICON_NAME = AppIcon;
				ASSETCATALOG_COMPILER_GLOBAL_ACCENT_COLOR_NAME = AccentColor;
				CODE_SIGN_ENTITLEMENTS = ImageBrowser/ImageBrowser.entitlements;
				CODE_SIGN_STYLE = Automatic;
				CURRENT_PROJECT_VERSION = 1;
				DEVELOPMENT_ASSET_PATHS = "\"ImageBrowser/Preview Content\"";
				ENABLE_PREVIEWS = YES;
				GENERATE_INFOPLIST_FILE = YES;
				INFOPLIST_FILE = ImageBrowser/Info.plist;
				"INFOPLIST_KEY_UIApplicationSceneManifest_Generation[sdk=iphoneos*]" = YES;
				"INFOPLIST_KEY_UIApplicationSceneManifest_Generation[sdk=iphonesimulator*]" = YES;
				"INFOPLIST_KEY_UIApplicationSupportsIndirectInputEvents[sdk=iphoneos*]" = YES;
				"INFOPLIST_KEY_UIApplicationSupportsIndirectInputEvents[sdk=iphonesimulator*]" = YES;
				"INFOPLIST_KEY_UILaunchScreen_Generation[sdk=iphoneos*]" = YES;
				"INFOPLIST_KEY_UILaunchScreen_Generation[sdk=iphonesimulator*]" = YES;
				"INFOPLIST_KEY_UIStatusBarStyle[sdk=iphoneos*]" = UIStatusBarStyleDefault;
				"INFOPLIST_KEY_UIStatusBarStyle[sdk=iphonesimulator*]" = UIStatusBarStyleDefault;
				INFOPLIST_KEY_UISupportedInterfaceOrientations_iPad = "UIInterfaceOrientationPortrait UIInterfaceOrientationPortraitUpsideDown UIInterfaceOrientationLandscapeLeft UIInterfaceOrientationLandscapeRight";
				INFOPLIST_KEY_UISupportedInterfaceOrientations_iPhone = "UIInterfaceOrientationPortrait UIInterfaceOrientationLandscapeLeft UIInterfaceOrientationLandscapeRight";
				IPHONEOS_DEPLOYMENT_TARGET = 17;
				LD_RUNPATH_SEARCH_PATHS = "@executable_path/Frameworks";
				"LD_RUNPATH_SEARCH_PATHS[sdk=macosx*]" = "@executable_path/../Frameworks";
				MACOSX_DEPLOYMENT_TARGET = 15.0;
				MARKETING_VERSION = 1.0;
				PRODUCT_BUNDLE_IDENTIFIER = sds.ImageBrowser;
				PRODUCT_NAME = "$(TARGET_NAME)";
				SDKROOT = auto;
				SUPPORTED_PLATFORMS = "iphoneos iphonesimulator xros xrsimulator";
				SUPPORTS_MACCATALYST = NO;
				SWIFT_EMIT_LOC_STRINGS = YES;
				SWIFT_VERSION = 5.0;
				TARGETED_DEVICE_FAMILY = "1,2,7";
				XROS_DEPLOYMENT_TARGET = 2.0;
			};
			name = Debug;
		};
		EB1B42642CE2666200AD94B9 /* Release */ = {
			isa = XCBuildConfiguration;
			buildSettings = {
				ASSETCATALOG_COMPILER_APPICON_NAME = AppIcon;
				ASSETCATALOG_COMPILER_GLOBAL_ACCENT_COLOR_NAME = AccentColor;
				CODE_SIGN_ENTITLEMENTS = ImageBrowser/ImageBrowser.entitlements;
				CODE_SIGN_STYLE = Automatic;
				CURRENT_PROJECT_VERSION = 1;
				DEVELOPMENT_ASSET_PATHS = "\"ImageBrowser/Preview Content\"";
				ENABLE_PREVIEWS = YES;
				GENERATE_INFOPLIST_FILE = YES;
				INFOPLIST_FILE = ImageBrowser/Info.plist;
				"INFOPLIST_KEY_UIApplicationSceneManifest_Generation[sdk=iphoneos*]" = YES;
				"INFOPLIST_KEY_UIApplicationSceneManifest_Generation[sdk=iphonesimulator*]" = YES;
				"INFOPLIST_KEY_UIApplicationSupportsIndirectInputEvents[sdk=iphoneos*]" = YES;
				"INFOPLIST_KEY_UIApplicationSupportsIndirectInputEvents[sdk=iphonesimulator*]" = YES;
				"INFOPLIST_KEY_UILaunchScreen_Generation[sdk=iphoneos*]" = YES;
				"INFOPLIST_KEY_UILaunchScreen_Generation[sdk=iphonesimulator*]" = YES;
				"INFOPLIST_KEY_UIStatusBarStyle[sdk=iphoneos*]" = UIStatusBarStyleDefault;
				"INFOPLIST_KEY_UIStatusBarStyle[sdk=iphonesimulator*]" = UIStatusBarStyleDefault;
				INFOPLIST_KEY_UISupportedInterfaceOrientations_iPad = "UIInterfaceOrientationPortrait UIInterfaceOrientationPortraitUpsideDown UIInterfaceOrientationLandscapeLeft UIInterfaceOrientationLandscapeRight";
				INFOPLIST_KEY_UISupportedInterfaceOrientations_iPhone = "UIInterfaceOrientationPortrait UIInterfaceOrientationLandscapeLeft UIInterfaceOrientationLandscapeRight";
				IPHONEOS_DEPLOYMENT_TARGET = 17;
				LD_RUNPATH_SEARCH_PATHS = "@executable_path/Frameworks";
				"LD_RUNPATH_SEARCH_PATHS[sdk=macosx*]" = "@executable_path/../Frameworks";
				MACOSX_DEPLOYMENT_TARGET = 15.0;
				MARKETING_VERSION = 1.0;
				PRODUCT_BUNDLE_IDENTIFIER = sds.ImageBrowser;
				PRODUCT_NAME = "$(TARGET_NAME)";
				SDKROOT = auto;
				SUPPORTED_PLATFORMS = "iphoneos iphonesimulator xros xrsimulator";
				SUPPORTS_MACCATALYST = NO;
				SWIFT_EMIT_LOC_STRINGS = YES;
				SWIFT_VERSION = 5.0;
				TARGETED_DEVICE_FAMILY = "1,2,7";
				XROS_DEPLOYMENT_TARGET = 2.0;
			};
			name = Release;
		};
		EB1B42662CE2666200AD94B9 /* Debug */ = {
			isa = XCBuildConfiguration;
			buildSettings = {
				BUNDLE_LOADER = "$(TEST_HOST)";
				CODE_SIGN_STYLE = Automatic;
				CURRENT_PROJECT_VERSION = 1;
				GENERATE_INFOPLIST_FILE = YES;
				IPHONEOS_DEPLOYMENT_TARGET = 18.0;
				MACOSX_DEPLOYMENT_TARGET = 15.0;
				MARKETING_VERSION = 1.0;
				PRODUCT_BUNDLE_IDENTIFIER = sds.ImageBrowserTests;
				PRODUCT_NAME = "$(TARGET_NAME)";
				SDKROOT = auto;
				SUPPORTED_PLATFORMS = "iphoneos iphonesimulator macosx xros xrsimulator";
				SWIFT_EMIT_LOC_STRINGS = NO;
				SWIFT_VERSION = 5.0;
				TARGETED_DEVICE_FAMILY = "1,2,7";
				TEST_HOST = "$(BUILT_PRODUCTS_DIR)/ImageBrowser.app/$(BUNDLE_EXECUTABLE_FOLDER_PATH)/ImageBrowser";
				XROS_DEPLOYMENT_TARGET = 2.0;
			};
			name = Debug;
		};
		EB1B42672CE2666200AD94B9 /* Release */ = {
			isa = XCBuildConfiguration;
			buildSettings = {
				BUNDLE_LOADER = "$(TEST_HOST)";
				CODE_SIGN_STYLE = Automatic;
				CURRENT_PROJECT_VERSION = 1;
				GENERATE_INFOPLIST_FILE = YES;
				IPHONEOS_DEPLOYMENT_TARGET = 18.0;
				MACOSX_DEPLOYMENT_TARGET = 15.0;
				MARKETING_VERSION = 1.0;
				PRODUCT_BUNDLE_IDENTIFIER = sds.ImageBrowserTests;
				PRODUCT_NAME = "$(TARGET_NAME)";
				SDKROOT = auto;
				SUPPORTED_PLATFORMS = "iphoneos iphonesimulator macosx xros xrsimulator";
				SWIFT_EMIT_LOC_STRINGS = NO;
				SWIFT_VERSION = 5.0;
				TARGETED_DEVICE_FAMILY = "1,2,7";
				TEST_HOST = "$(BUILT_PRODUCTS_DIR)/ImageBrowser.app/$(BUNDLE_EXECUTABLE_FOLDER_PATH)/ImageBrowser";
				XROS_DEPLOYMENT_TARGET = 2.0;
			};
			name = Release;
		};
		EB1B42692CE2666200AD94B9 /* Debug */ = {
			isa = XCBuildConfiguration;
			buildSettings = {
				CODE_SIGN_STYLE = Automatic;
				CURRENT_PROJECT_VERSION = 1;
				GENERATE_INFOPLIST_FILE = YES;
				IPHONEOS_DEPLOYMENT_TARGET = 18.0;
				MACOSX_DEPLOYMENT_TARGET = 15.0;
				MARKETING_VERSION = 1.0;
				PRODUCT_BUNDLE_IDENTIFIER = sds.ImageBrowserUITests;
				PRODUCT_NAME = "$(TARGET_NAME)";
				SDKROOT = auto;
				SUPPORTED_PLATFORMS = "iphoneos iphonesimulator macosx xros xrsimulator";
				SWIFT_EMIT_LOC_STRINGS = NO;
				SWIFT_VERSION = 5.0;
				TARGETED_DEVICE_FAMILY = "1,2,7";
				TEST_TARGET_NAME = ImageBrowser;
				XROS_DEPLOYMENT_TARGET = 2.0;
			};
			name = Debug;
		};
		EB1B426A2CE2666200AD94B9 /* Release */ = {
			isa = XCBuildConfiguration;
			buildSettings = {
				CODE_SIGN_STYLE = Automatic;
				CURRENT_PROJECT_VERSION = 1;
				GENERATE_INFOPLIST_FILE = YES;
				IPHONEOS_DEPLOYMENT_TARGET = 18.0;
				MACOSX_DEPLOYMENT_TARGET = 15.0;
				MARKETING_VERSION = 1.0;
				PRODUCT_BUNDLE_IDENTIFIER = sds.ImageBrowserUITests;
				PRODUCT_NAME = "$(TARGET_NAME)";
				SDKROOT = auto;
				SUPPORTED_PLATFORMS = "iphoneos iphonesimulator macosx xros xrsimulator";
				SWIFT_EMIT_LOC_STRINGS = NO;
				SWIFT_VERSION = 5.0;
				TARGETED_DEVICE_FAMILY = "1,2,7";
				TEST_TARGET_NAME = ImageBrowser;
				XROS_DEPLOYMENT_TARGET = 2.0;
			};
			name = Release;
		};
/* End XCBuildConfiguration section */

/* Begin XCConfigurationList section */
		EB1B42382CE2666100AD94B9 /* Build configuration list for PBXProject "ImageBrowser" */ = {
			isa = XCConfigurationList;
			buildConfigurations = (
				EB1B42602CE2666200AD94B9 /* Debug */,
				EB1B42612CE2666200AD94B9 /* Release */,
			);
			defaultConfigurationIsVisible = 0;
			defaultConfigurationName = Release;
		};
		EB1B42622CE2666200AD94B9 /* Build configuration list for PBXNativeTarget "ImageBrowser" */ = {
			isa = XCConfigurationList;
			buildConfigurations = (
				EB1B42632CE2666200AD94B9 /* Debug */,
				EB1B42642CE2666200AD94B9 /* Release */,
			);
			defaultConfigurationIsVisible = 0;
			defaultConfigurationName = Release;
		};
		EB1B42652CE2666200AD94B9 /* Build configuration list for PBXNativeTarget "ImageBrowserTests" */ = {
			isa = XCConfigurationList;
			buildConfigurations = (
				EB1B42662CE2666200AD94B9 /* Debug */,
				EB1B42672CE2666200AD94B9 /* Release */,
			);
			defaultConfigurationIsVisible = 0;
			defaultConfigurationName = Release;
		};
		EB1B42682CE2666200AD94B9 /* Build configuration list for PBXNativeTarget "ImageBrowserUITests" */ = {
			isa = XCConfigurationList;
			buildConfigurations = (
				EB1B42692CE2666200AD94B9 /* Debug */,
				EB1B426A2CE2666200AD94B9 /* Release */,
			);
			defaultConfigurationIsVisible = 0;
			defaultConfigurationName = Release;
		};
/* End XCConfigurationList section */

/* Begin XCLocalSwiftPackageReference section */
		EBD48F822E3437CA001FC90A /* XCLocalSwiftPackageReference "AppDomains" */ = {
			isa = XCLocalSwiftPackageReference;
			relativePath = AppDomains;
		};
		EBD48F852E3437E1001FC90A /* XCLocalSwiftPackageReference "AppSDK/AppCore" */ = {
			isa = XCLocalSwiftPackageReference;
			relativePath = AppSDK/AppCore;
		};
		EBD48F882E34380E001FC90A /* XCLocalSwiftPackageReference "AppSDK/DesignSystem" */ = {
			isa = XCLocalSwiftPackageReference;
			relativePath = AppSDK/DesignSystem;
		};
		EBD48F8B2E343823001FC90A /* XCLocalSwiftPackageReference "AppSDK/PixbayNetwork" */ = {
			isa = XCLocalSwiftPackageReference;
			relativePath = AppSDK/PixbayNetwork;
		};
/* End XCLocalSwiftPackageReference section */

/* Begin XCSwiftPackageProductDependency section */
		EB5AE92A2E4A472700912E98 /* AppMain */ = {
			isa = XCSwiftPackageProductDependency;
			productName = AppMain;
		};
		EBC63F242E50E0FA000F500F /* AppImagesList */ = {
			isa = XCSwiftPackageProductDependency;
			productName = AppImagesList;
		};
		EBD48F862E3437E1001FC90A /* AppCore */ = {
			isa = XCSwiftPackageProductDependency;
			productName = AppCore;
		};
		EBD48F892E34380E001FC90A /* DesignSystem */ = {
			isa = XCSwiftPackageProductDependency;
			productName = DesignSystem;
		};
		EBD48F8C2E343823001FC90A /* PixbayNetwork */ = {
			isa = XCSwiftPackageProductDependency;
			productName = PixbayNetwork;
		};
/* End XCSwiftPackageProductDependency section */
	};
	rootObject = EB1B42352CE2666100AD94B9 /* Project object */;
}
